
Microsoft Visual Studio Solution File, Format Version 12.00
Project("{FAE04EC0-301F-11D3-BF4B-00C04F79EFBC}") = "ChatbotBuilderEngine", "ChatbotBuilderEngine\ChatbotBuilderEngine.csproj", "{CAF85D7E-3F8B-4016-8149-91C5FA479092}"
EndProject
Project("{FAE04EC0-301F-11D3-BF4B-00C04F79EFBC}") = "ChatbotBuilderEngine.Presentation", "ChatbotBuilderEngine.Presentation\ChatbotBuilderEngine.Presentation.csproj", "{B4E978C7-4B6F-4D68-8446-3A332D1A1665}"
EndProject
Project("{FAE04EC0-301F-11D3-BF4B-00C04F79EFBC}") = "ChatbotBuilderEngine.Domain", "ChatbotBuilderEngine.Domain\ChatbotBuilderEngine.Domain.csproj", "{33D6EF93-82B6-41A0-B0D8-29D3490527B4}"
EndProject
Global
	GlobalSection(SolutionConfigurationPlatforms) = preSolution
		Debug|Any CPU = Debug|Any CPU
		Release|Any CPU = Release|Any CPU
	EndGlobalSection
	GlobalSection(ProjectConfigurationPlatforms) = postSolution
		{CAF85D7E-3F8B-4016-8149-91C5FA479092}.Debug|Any CPU.ActiveCfg = Debug|Any CPU
		{CAF85D7E-3F8B-4016-8149-91C5FA479092}.Debug|Any CPU.Build.0 = Debug|Any CPU
		{CAF85D7E-3F8B-4016-8149-91C5FA479092}.Release|Any CPU.ActiveCfg = Release|Any CPU
		{CAF85D7E-3F8B-4016-8149-91C5FA479092}.Release|Any CPU.Build.0 = Release|Any CPU
		{B4E978C7-4B6F-4D68-8446-3A332D1A1665}.Debug|Any CPU.ActiveCfg = Debug|Any CPU
		{B4E978C7-4B6F-4D68-8446-3A332D1A1665}.Debug|Any CPU.Build.0 = Debug|Any CPU
		{B4E978C7-4B6F-4D68-8446-3A332D1A1665}.Release|Any CPU.ActiveCfg = Release|Any CPU
		{B4E978C7-4B6F-4D68-8446-3A332D1A1665}.Release|Any CPU.Build.0 = Release|Any CPU
		{33D6EF93-82B6-41A0-B0D8-29D3490527B4}.Debug|Any CPU.ActiveCfg = Debug|Any CPU
		{33D6EF93-82B6-41A0-B0D8-29D3490527B4}.Debug|Any CPU.Build.0 = Debug|Any CPU
		{33D6EF93-82B6-41A0-B0D8-29D3490527B4}.Release|Any CPU.ActiveCfg = Release|Any CPU
		{33D6EF93-82B6-41A0-B0D8-29D3490527B4}.Release|Any CPU.Build.0 = Release|Any CPU
	EndGlobalSection
EndGlobal
